
Microsoft Visual Studio Solution File, Format Version 12.00
# Visual Studio Version 16
VisualStudioVersion = 16.0.30413.136
MinimumVisualStudioVersion = 10.0.40219.1
Project("{FAE04EC0-301F-11D3-BF4B-00C04F79EFBC}") = "LR_Eleven", "LR_Eleven\LR_Eleven.csproj", "{B1B12495-95BA-4685-B5BB-5EDB18D415CF}"
EndProject
Global
	GlobalSection(SolutionConfigurationPlatforms) = preSolution
		Debug|Any CPU = Debug|Any CPU
		Release|Any CPU = Release|Any CPU
	EndGlobalSection
	GlobalSection(ProjectConfigurationPlatforms) = postSolution
		{B1B12495-95BA-4685-B5BB-5EDB18D415CF}.Debug|Any CPU.ActiveCfg = Debug|Any CPU
		{B1B12495-95BA-4685-B5BB-5EDB18D415CF}.Debug|Any CPU.Build.0 = Debug|Any CPU
		{B1B12495-95BA-4685-B5BB-5EDB18D415CF}.Release|Any CPU.ActiveCfg = Release|Any CPU
		{B1B12495-95BA-4685-B5BB-5EDB18D415CF}.Release|Any CPU.Build.0 = Release|Any CPU
	EndGlobalSection
	GlobalSection(SolutionProperties) = preSolution
		HideSolutionNode = FALSE
	EndGlobalSection
	GlobalSection(ExtensibilityGlobals) = postSolution
		SolutionGuid = {2A434697-842B-4788-9D6E-DA868046C51B}
	EndGlobalSection
EndGlobal
